// !$*UTF8*$!
{
	archiveVersion = 1;
	classes = {
	};
	objectVersion = 48;
	objects = {

/* Begin PBXBuildFile section */
		02B2D1996E670E9531E4D5F8 /* Pods_GenieForm.framework in Frameworks */ = {isa = PBXBuildFile; fileRef = 08693DDD7E482BB274EEA11C /* Pods_GenieForm.framework */; };
		A301E49E293A6CF9E0953A0A /* Pods_GenieFormUITests.framework in Frameworks */ = {isa = PBXBuildFile; fileRef = C1639BA797CEA9A3A8ECF5A3 /* Pods_GenieFormUITests.framework */; };
		C7DD3C7A788D04F5F4ECADBA /* Pods_GenieFormTests.framework in Frameworks */ = {isa = PBXBuildFile; fileRef = 45D82B0C1B2952BEEA21FFBA /* Pods_GenieFormTests.framework */; };
		D918A181208F0E03001A2A85 /* VendorPricing.swift in Sources */ = {isa = PBXBuildFile; fileRef = D918A180208F0E03001A2A85 /* VendorPricing.swift */; };
		D94364B1208464180023507E /* ProfileController.swift in Sources */ = {isa = PBXBuildFile; fileRef = D94364B0208464180023507E /* ProfileController.swift */; };
		D94364B3208464F80023507E /* PortfolioScroller.swift in Sources */ = {isa = PBXBuildFile; fileRef = D94364B2208464F80023507E /* PortfolioScroller.swift */; };
		D94364B7208467680023507E /* ProfileViewModel.swift in Sources */ = {isa = PBXBuildFile; fileRef = D94364B6208467680023507E /* ProfileViewModel.swift */; };
		D9703B3F205CDB42004C9C3E /* AppDelegate.swift in Sources */ = {isa = PBXBuildFile; fileRef = D9703B3E205CDB42004C9C3E /* AppDelegate.swift */; };
		D9703B41205CDB42004C9C3E /* GenieFormController.swift in Sources */ = {isa = PBXBuildFile; fileRef = D9703B40205CDB42004C9C3E /* GenieFormController.swift */; };
		D9703B46205CDB42004C9C3E /* Assets.xcassets in Resources */ = {isa = PBXBuildFile; fileRef = D9703B45205CDB42004C9C3E /* Assets.xcassets */; };
		D9703B49205CDB42004C9C3E /* LaunchScreen.storyboard in Resources */ = {isa = PBXBuildFile; fileRef = D9703B47205CDB42004C9C3E /* LaunchScreen.storyboard */; };
		D9703B54205CDB42004C9C3E /* GenieFormTests.swift in Sources */ = {isa = PBXBuildFile; fileRef = D9703B53205CDB42004C9C3E /* GenieFormTests.swift */; };
		D9703B5F205CDB42004C9C3E /* GenieFormUITests.swift in Sources */ = {isa = PBXBuildFile; fileRef = D9703B5E205CDB42004C9C3E /* GenieFormUITests.swift */; };
		D9703B71205D05C9004C9C3E /* WMGForm.swift in Sources */ = {isa = PBXBuildFile; fileRef = D9703B70205D05C9004C9C3E /* WMGForm.swift */; };
		D9703B74205D149A004C9C3E /* WMGService.swift in Sources */ = {isa = PBXBuildFile; fileRef = D9703B73205D149A004C9C3E /* WMGService.swift */; };
		D97AB077208DF133002C24EA /* MessageVenueController.swift in Sources */ = {isa = PBXBuildFile; fileRef = D97AB076208DF133002C24EA /* MessageVenueController.swift */; };
		D99A9A1B2085AA150073D301 /* Regular.ttf in Resources */ = {isa = PBXBuildFile; fileRef = D99A9A152085AA150073D301 /* Regular.ttf */; };
		D99A9A1C2085AA150073D301 /* icon.ttf in Resources */ = {isa = PBXBuildFile; fileRef = D99A9A162085AA150073D301 /* icon.ttf */; };
		D99A9A1D2085AA150073D301 /* Bold.ttf in Resources */ = {isa = PBXBuildFile; fileRef = D99A9A172085AA150073D301 /* Bold.ttf */; };
		D99A9A1E2085AA150073D301 /* FontAwesome.ttf in Resources */ = {isa = PBXBuildFile; fileRef = D99A9A182085AA150073D301 /* FontAwesome.ttf */; };
		D99A9A1F2085AA150073D301 /* SemiBold.ttf in Resources */ = {isa = PBXBuildFile; fileRef = D99A9A192085AA150073D301 /* SemiBold.ttf */; };
		D99A9A202085AA150073D301 /* Light.ttf in Resources */ = {isa = PBXBuildFile; fileRef = D99A9A1A2085AA150073D301 /* Light.ttf */; };
		D99A9A222085B0BA0073D301 /* ProfileHeader.swift in Sources */ = {isa = PBXBuildFile; fileRef = D99A9A212085B0BA0073D301 /* ProfileHeader.swift */; };
		D99A9A242085DAC40073D301 /* ReviewInfo.swift in Sources */ = {isa = PBXBuildFile; fileRef = D99A9A232085DAC40073D301 /* ReviewInfo.swift */; };
		D9B478E220876ED1002D9B5D /* AboutVendor.swift in Sources */ = {isa = PBXBuildFile; fileRef = D9B478E120876ED1002D9B5D /* AboutVendor.swift */; };
		D9B478E5208771B7002D9B5D /* AboutVendorCell.swift in Sources */ = {isa = PBXBuildFile; fileRef = D9B478E4208771B7002D9B5D /* AboutVendorCell.swift */; };
		D9B478E92088B498002D9B5D /* BestPrice.swift in Sources */ = {isa = PBXBuildFile; fileRef = D9B478E82088B498002D9B5D /* BestPrice.swift */; };
		D9B478EB2089AAD8002D9B5D /* MessageVendorController.swift in Sources */ = {isa = PBXBuildFile; fileRef = D9B478EA2089AAD8002D9B5D /* MessageVendorController.swift */; };
		D9CD9F67205D2DE000B287ED /* GenieViewModel.swift in Sources */ = {isa = PBXBuildFile; fileRef = D9CD9F66205D2DE000B287ED /* GenieViewModel.swift */; };
		D9E4EBD52084736B002D59B1 /* VendorProfile.swift in Sources */ = {isa = PBXBuildFile; fileRef = D9E4EBD42084736B002D59B1 /* VendorProfile.swift */; };
		D9E4EBD7208477D7002D59B1 /* WMGInfinity.swift in Sources */ = {isa = PBXBuildFile; fileRef = D9E4EBD6208477D7002D59B1 /* WMGInfinity.swift */; };
		D9F021D3205FA1240092250D /* SelectionCell.swift in Sources */ = {isa = PBXBuildFile; fileRef = D9F021D2205FA1240092250D /* SelectionCell.swift */; };
		D9F021D6205FA2210092250D /* FormField.swift in Sources */ = {isa = PBXBuildFile; fileRef = D9F021D5205FA2210092250D /* FormField.swift */; };
		D9F021E3205FB7F10092250D /* UIColorExtensions.swift in Sources */ = {isa = PBXBuildFile; fileRef = D9F021E2205FB7F10092250D /* UIColorExtensions.swift */; };
		D9F021E5205FB8BA0092250D /* AppConstants.swift in Sources */ = {isa = PBXBuildFile; fileRef = D9F021E4205FB8BA0092250D /* AppConstants.swift */; };
/* End PBXBuildFile section */

/* Begin PBXContainerItemProxy section */
		D9703B50205CDB42004C9C3E /* PBXContainerItemProxy */ = {
			isa = PBXContainerItemProxy;
			containerPortal = D9703B33205CDB42004C9C3E /* Project object */;
			proxyType = 1;
			remoteGlobalIDString = D9703B3A205CDB42004C9C3E;
			remoteInfo = GenieForm;
		};
		D9703B5B205CDB42004C9C3E /* PBXContainerItemProxy */ = {
			isa = PBXContainerItemProxy;
			containerPortal = D9703B33205CDB42004C9C3E /* Project object */;
			proxyType = 1;
			remoteGlobalIDString = D9703B3A205CDB42004C9C3E;
			remoteInfo = GenieForm;
		};
/* End PBXContainerItemProxy section */

/* Begin PBXFileReference section */
		08693DDD7E482BB274EEA11C /* Pods_GenieForm.framework */ = {isa = PBXFileReference; explicitFileType = wrapper.framework; includeInIndex = 0; path = Pods_GenieForm.framework; sourceTree = BUILT_PRODUCTS_DIR; };
		1DA6C49F7AC04E773DCF7B09 /* Pods-GenieFormTests.debug.xcconfig */ = {isa = PBXFileReference; includeInIndex = 1; lastKnownFileType = text.xcconfig; name = "Pods-GenieFormTests.debug.xcconfig"; path = "Pods/Target Support Files/Pods-GenieFormTests/Pods-GenieFormTests.debug.xcconfig"; sourceTree = "<group>"; };
		2ED576D94C0BA05A02F54E74 /* Pods-GenieForm.debug.xcconfig */ = {isa = PBXFileReference; includeInIndex = 1; lastKnownFileType = text.xcconfig; name = "Pods-GenieForm.debug.xcconfig"; path = "Pods/Target Support Files/Pods-GenieForm/Pods-GenieForm.debug.xcconfig"; sourceTree = "<group>"; };
		334B41B5030CF8F8E2C46B41 /* Pods-GenieFormTests.release.xcconfig */ = {isa = PBXFileReference; includeInIndex = 1; lastKnownFileType = text.xcconfig; name = "Pods-GenieFormTests.release.xcconfig"; path = "Pods/Target Support Files/Pods-GenieFormTests/Pods-GenieFormTests.release.xcconfig"; sourceTree = "<group>"; };
		45D82B0C1B2952BEEA21FFBA /* Pods_GenieFormTests.framework */ = {isa = PBXFileReference; explicitFileType = wrapper.framework; includeInIndex = 0; path = Pods_GenieFormTests.framework; sourceTree = BUILT_PRODUCTS_DIR; };
		6C279EF96429BAF153E73E5E /* Pods-GenieFormUITests.debug.xcconfig */ = {isa = PBXFileReference; includeInIndex = 1; lastKnownFileType = text.xcconfig; name = "Pods-GenieFormUITests.debug.xcconfig"; path = "Pods/Target Support Files/Pods-GenieFormUITests/Pods-GenieFormUITests.debug.xcconfig"; sourceTree = "<group>"; };
		A8E3C7DB6BEDFCD31A3F22A8 /* Pods-GenieForm.release.xcconfig */ = {isa = PBXFileReference; includeInIndex = 1; lastKnownFileType = text.xcconfig; name = "Pods-GenieForm.release.xcconfig"; path = "Pods/Target Support Files/Pods-GenieForm/Pods-GenieForm.release.xcconfig"; sourceTree = "<group>"; };
		C1639BA797CEA9A3A8ECF5A3 /* Pods_GenieFormUITests.framework */ = {isa = PBXFileReference; explicitFileType = wrapper.framework; includeInIndex = 0; path = Pods_GenieFormUITests.framework; sourceTree = BUILT_PRODUCTS_DIR; };
		C167B39802C55FF494C9C966 /* Pods-GenieFormUITests.release.xcconfig */ = {isa = PBXFileReference; includeInIndex = 1; lastKnownFileType = text.xcconfig; name = "Pods-GenieFormUITests.release.xcconfig"; path = "Pods/Target Support Files/Pods-GenieFormUITests/Pods-GenieFormUITests.release.xcconfig"; sourceTree = "<group>"; };
		D918A180208F0E03001A2A85 /* VendorPricing.swift */ = {isa = PBXFileReference; lastKnownFileType = sourcecode.swift; path = VendorPricing.swift; sourceTree = "<group>"; };
		D94364B0208464180023507E /* ProfileController.swift */ = {isa = PBXFileReference; lastKnownFileType = sourcecode.swift; path = ProfileController.swift; sourceTree = "<group>"; };
		D94364B2208464F80023507E /* PortfolioScroller.swift */ = {isa = PBXFileReference; lastKnownFileType = sourcecode.swift; path = PortfolioScroller.swift; sourceTree = "<group>"; };
		D94364B6208467680023507E /* ProfileViewModel.swift */ = {isa = PBXFileReference; lastKnownFileType = sourcecode.swift; path = ProfileViewModel.swift; sourceTree = "<group>"; };
		D9703B3B205CDB42004C9C3E /* GenieForm.app */ = {isa = PBXFileReference; explicitFileType = wrapper.application; includeInIndex = 0; path = GenieForm.app; sourceTree = BUILT_PRODUCTS_DIR; };
		D9703B3E205CDB42004C9C3E /* AppDelegate.swift */ = {isa = PBXFileReference; lastKnownFileType = sourcecode.swift; path = AppDelegate.swift; sourceTree = "<group>"; };
		D9703B40205CDB42004C9C3E /* GenieFormController.swift */ = {isa = PBXFileReference; lastKnownFileType = sourcecode.swift; path = GenieFormController.swift; sourceTree = "<group>"; };
		D9703B45205CDB42004C9C3E /* Assets.xcassets */ = {isa = PBXFileReference; lastKnownFileType = folder.assetcatalog; path = Assets.xcassets; sourceTree = "<group>"; };
		D9703B48205CDB42004C9C3E /* Base */ = {isa = PBXFileReference; lastKnownFileType = file.storyboard; name = Base; path = Base.lproj/LaunchScreen.storyboard; sourceTree = "<group>"; };
		D9703B4A205CDB42004C9C3E /* Info.plist */ = {isa = PBXFileReference; lastKnownFileType = text.plist.xml; path = Info.plist; sourceTree = "<group>"; };
		D9703B4F205CDB42004C9C3E /* GenieFormTests.xctest */ = {isa = PBXFileReference; explicitFileType = wrapper.cfbundle; includeInIndex = 0; path = GenieFormTests.xctest; sourceTree = BUILT_PRODUCTS_DIR; };
		D9703B53205CDB42004C9C3E /* GenieFormTests.swift */ = {isa = PBXFileReference; lastKnownFileType = sourcecode.swift; path = GenieFormTests.swift; sourceTree = "<group>"; };
		D9703B55205CDB42004C9C3E /* Info.plist */ = {isa = PBXFileReference; lastKnownFileType = text.plist.xml; path = Info.plist; sourceTree = "<group>"; };
		D9703B5A205CDB42004C9C3E /* GenieFormUITests.xctest */ = {isa = PBXFileReference; explicitFileType = wrapper.cfbundle; includeInIndex = 0; path = GenieFormUITests.xctest; sourceTree = BUILT_PRODUCTS_DIR; };
		D9703B5E205CDB42004C9C3E /* GenieFormUITests.swift */ = {isa = PBXFileReference; lastKnownFileType = sourcecode.swift; path = GenieFormUITests.swift; sourceTree = "<group>"; };
		D9703B60205CDB42004C9C3E /* Info.plist */ = {isa = PBXFileReference; lastKnownFileType = text.plist.xml; path = Info.plist; sourceTree = "<group>"; };
		D9703B70205D05C9004C9C3E /* WMGForm.swift */ = {isa = PBXFileReference; lastKnownFileType = sourcecode.swift; path = WMGForm.swift; sourceTree = "<group>"; };
		D9703B73205D149A004C9C3E /* WMGService.swift */ = {isa = PBXFileReference; lastKnownFileType = sourcecode.swift; path = WMGService.swift; sourceTree = "<group>"; };
		D97AB076208DF133002C24EA /* MessageVenueController.swift */ = {isa = PBXFileReference; lastKnownFileType = sourcecode.swift; path = MessageVenueController.swift; sourceTree = "<group>"; };
		D99A9A132084C1670073D301 /* AlamofireImage.framework */ = {isa = PBXFileReference; explicitFileType = wrapper.framework; path = AlamofireImage.framework; sourceTree = BUILT_PRODUCTS_DIR; };
		D99A9A152085AA150073D301 /* Regular.ttf */ = {isa = PBXFileReference; lastKnownFileType = file; path = Regular.ttf; sourceTree = "<group>"; };
		D99A9A162085AA150073D301 /* icon.ttf */ = {isa = PBXFileReference; lastKnownFileType = file; path = icon.ttf; sourceTree = "<group>"; };
		D99A9A172085AA150073D301 /* Bold.ttf */ = {isa = PBXFileReference; lastKnownFileType = file; path = Bold.ttf; sourceTree = "<group>"; };
		D99A9A182085AA150073D301 /* FontAwesome.ttf */ = {isa = PBXFileReference; lastKnownFileType = file; path = FontAwesome.ttf; sourceTree = "<group>"; };
		D99A9A192085AA150073D301 /* SemiBold.ttf */ = {isa = PBXFileReference; lastKnownFileType = file; path = SemiBold.ttf; sourceTree = "<group>"; };
		D99A9A1A2085AA150073D301 /* Light.ttf */ = {isa = PBXFileReference; lastKnownFileType = file; path = Light.ttf; sourceTree = "<group>"; };
		D99A9A212085B0BA0073D301 /* ProfileHeader.swift */ = {isa = PBXFileReference; lastKnownFileType = sourcecode.swift; path = ProfileHeader.swift; sourceTree = "<group>"; };
		D99A9A232085DAC40073D301 /* ReviewInfo.swift */ = {isa = PBXFileReference; lastKnownFileType = sourcecode.swift; path = ReviewInfo.swift; sourceTree = "<group>"; };
		D99A9A262086157E0073D301 /* FontAwesome_swift.framework */ = {isa = PBXFileReference; explicitFileType = wrapper.framework; path = FontAwesome_swift.framework; sourceTree = BUILT_PRODUCTS_DIR; };
		D9B478E120876ED1002D9B5D /* AboutVendor.swift */ = {isa = PBXFileReference; lastKnownFileType = sourcecode.swift; path = AboutVendor.swift; sourceTree = "<group>"; };
		D9B478E4208771B7002D9B5D /* AboutVendorCell.swift */ = {isa = PBXFileReference; lastKnownFileType = sourcecode.swift; path = AboutVendorCell.swift; sourceTree = "<group>"; };
		D9B478E72088732F002D9B5D /* TTTAttributedLabel.framework */ = {isa = PBXFileReference; explicitFileType = wrapper.framework; path = TTTAttributedLabel.framework; sourceTree = BUILT_PRODUCTS_DIR; };
		D9B478E82088B498002D9B5D /* BestPrice.swift */ = {isa = PBXFileReference; lastKnownFileType = sourcecode.swift; path = BestPrice.swift; sourceTree = "<group>"; };
		D9B478EA2089AAD8002D9B5D /* MessageVendorController.swift */ = {isa = PBXFileReference; lastKnownFileType = sourcecode.swift; path = MessageVendorController.swift; sourceTree = "<group>"; };
		D9CD9F66205D2DE000B287ED /* GenieViewModel.swift */ = {isa = PBXFileReference; lastKnownFileType = sourcecode.swift; path = GenieViewModel.swift; sourceTree = "<group>"; };
		D9E4EBD42084736B002D59B1 /* VendorProfile.swift */ = {isa = PBXFileReference; lastKnownFileType = sourcecode.swift; path = VendorProfile.swift; sourceTree = "<group>"; };
		D9E4EBD6208477D7002D59B1 /* WMGInfinity.swift */ = {isa = PBXFileReference; lastKnownFileType = sourcecode.swift; path = WMGInfinity.swift; sourceTree = "<group>"; };
		D9F021D2205FA1240092250D /* SelectionCell.swift */ = {isa = PBXFileReference; lastKnownFileType = sourcecode.swift; path = SelectionCell.swift; sourceTree = "<group>"; };
		D9F021D5205FA2210092250D /* FormField.swift */ = {isa = PBXFileReference; lastKnownFileType = sourcecode.swift; path = FormField.swift; sourceTree = "<group>"; };
		D9F021E2205FB7F10092250D /* UIColorExtensions.swift */ = {isa = PBXFileReference; lastKnownFileType = sourcecode.swift; path = UIColorExtensions.swift; sourceTree = "<group>"; };
		D9F021E4205FB8BA0092250D /* AppConstants.swift */ = {isa = PBXFileReference; lastKnownFileType = sourcecode.swift; path = AppConstants.swift; sourceTree = "<group>"; };
/* End PBXFileReference section */

/* Begin PBXFrameworksBuildPhase section */
		D9703B38205CDB42004C9C3E /* Frameworks */ = {
			isa = PBXFrameworksBuildPhase;
			buildActionMask = 2147483647;
			files = (
				02B2D1996E670E9531E4D5F8 /* Pods_GenieForm.framework in Frameworks */,
			);
			runOnlyForDeploymentPostprocessing = 0;
		};
		D9703B4C205CDB42004C9C3E /* Frameworks */ = {
			isa = PBXFrameworksBuildPhase;
			buildActionMask = 2147483647;
			files = (
				C7DD3C7A788D04F5F4ECADBA /* Pods_GenieFormTests.framework in Frameworks */,
			);
			runOnlyForDeploymentPostprocessing = 0;
		};
		D9703B57205CDB42004C9C3E /* Frameworks */ = {
			isa = PBXFrameworksBuildPhase;
			buildActionMask = 2147483647;
			files = (
				A301E49E293A6CF9E0953A0A /* Pods_GenieFormUITests.framework in Frameworks */,
			);
			runOnlyForDeploymentPostprocessing = 0;
		};
/* End PBXFrameworksBuildPhase section */

/* Begin PBXGroup section */
		028206AFC18F8A53C1955B8F /* Frameworks */ = {
			isa = PBXGroup;
			children = (
				D9B478E72088732F002D9B5D /* TTTAttributedLabel.framework */,
				D99A9A262086157E0073D301 /* FontAwesome_swift.framework */,
				D99A9A132084C1670073D301 /* AlamofireImage.framework */,
				08693DDD7E482BB274EEA11C /* Pods_GenieForm.framework */,
				45D82B0C1B2952BEEA21FFBA /* Pods_GenieFormTests.framework */,
				C1639BA797CEA9A3A8ECF5A3 /* Pods_GenieFormUITests.framework */,
			);
			name = Frameworks;
			sourceTree = "<group>";
		};
		81C15518D7D9A7BD5038C866 /* Pods */ = {
			isa = PBXGroup;
			children = (
				2ED576D94C0BA05A02F54E74 /* Pods-GenieForm.debug.xcconfig */,
				A8E3C7DB6BEDFCD31A3F22A8 /* Pods-GenieForm.release.xcconfig */,
				1DA6C49F7AC04E773DCF7B09 /* Pods-GenieFormTests.debug.xcconfig */,
				334B41B5030CF8F8E2C46B41 /* Pods-GenieFormTests.release.xcconfig */,
				6C279EF96429BAF153E73E5E /* Pods-GenieFormUITests.debug.xcconfig */,
				C167B39802C55FF494C9C966 /* Pods-GenieFormUITests.release.xcconfig */,
			);
			name = Pods;
			sourceTree = "<group>";
		};
		D94364B4208467150023507E /* VendorProfile */ = {
			isa = PBXGroup;
			children = (
				D94364B6208467680023507E /* ProfileViewModel.swift */,
				D94364B0208464180023507E /* ProfileController.swift */,
				D9B478EA2089AAD8002D9B5D /* MessageVendorController.swift */,
				D97AB076208DF133002C24EA /* MessageVenueController.swift */,
			);
			path = VendorProfile;
			sourceTree = "<group>";
		};
		D9703B32205CDB42004C9C3E = {
			isa = PBXGroup;
			children = (
				D9703B3D205CDB42004C9C3E /* GenieForm */,
				D9703B52205CDB42004C9C3E /* GenieFormTests */,
				D9703B5D205CDB42004C9C3E /* GenieFormUITests */,
				D9703B3C205CDB42004C9C3E /* Products */,
				81C15518D7D9A7BD5038C866 /* Pods */,
				028206AFC18F8A53C1955B8F /* Frameworks */,
			);
			sourceTree = "<group>";
		};
		D9703B3C205CDB42004C9C3E /* Products */ = {
			isa = PBXGroup;
			children = (
				D9703B3B205CDB42004C9C3E /* GenieForm.app */,
				D9703B4F205CDB42004C9C3E /* GenieFormTests.xctest */,
				D9703B5A205CDB42004C9C3E /* GenieFormUITests.xctest */,
			);
			name = Products;
			sourceTree = "<group>";
		};
		D9703B3D205CDB42004C9C3E /* GenieForm */ = {
			isa = PBXGroup;
			children = (
				D9B478E320877182002D9B5D /* ProfileSectionViews */,
				D99A9A142085AA030073D301 /* Fonts */,
				D94364B4208467150023507E /* VendorProfile */,
				D9F021E1205FB7CA0092250D /* Helper */,
				D9F021D4205FA1FD0092250D /* FieldFactory */,
				D9F021D1205FA0C90092250D /* Views */,
				D9CD9F65205D2DB900B287ED /* GenieViewModel */,
				D9703B72205D13A7004C9C3E /* APIService */,
				D9703B6D205CFCF9004C9C3E /* Controller */,
				D9703B6C205CFCCD004C9C3E /* Model */,
				D9703B3E205CDB42004C9C3E /* AppDelegate.swift */,
				D9703B45205CDB42004C9C3E /* Assets.xcassets */,
				D9703B47205CDB42004C9C3E /* LaunchScreen.storyboard */,
				D9703B4A205CDB42004C9C3E /* Info.plist */,
				D9F021E4205FB8BA0092250D /* AppConstants.swift */,
			);
			path = GenieForm;
			sourceTree = "<group>";
		};
		D9703B52205CDB42004C9C3E /* GenieFormTests */ = {
			isa = PBXGroup;
			children = (
				D9703B53205CDB42004C9C3E /* GenieFormTests.swift */,
				D9703B55205CDB42004C9C3E /* Info.plist */,
			);
			path = GenieFormTests;
			sourceTree = "<group>";
		};
		D9703B5D205CDB42004C9C3E /* GenieFormUITests */ = {
			isa = PBXGroup;
			children = (
				D9703B5E205CDB42004C9C3E /* GenieFormUITests.swift */,
				D9703B60205CDB42004C9C3E /* Info.plist */,
			);
			path = GenieFormUITests;
			sourceTree = "<group>";
		};
		D9703B6C205CFCCD004C9C3E /* Model */ = {
			isa = PBXGroup;
			children = (
				D9703B70205D05C9004C9C3E /* WMGForm.swift */,
				D9E4EBD42084736B002D59B1 /* VendorProfile.swift */,
				D9E4EBD6208477D7002D59B1 /* WMGInfinity.swift */,
				D99A9A232085DAC40073D301 /* ReviewInfo.swift */,
			);
			path = Model;
			sourceTree = "<group>";
		};
		D9703B6D205CFCF9004C9C3E /* Controller */ = {
			isa = PBXGroup;
			children = (
				D9703B40205CDB42004C9C3E /* GenieFormController.swift */,
			);
			path = Controller;
			sourceTree = "<group>";
		};
		D9703B72205D13A7004C9C3E /* APIService */ = {
			isa = PBXGroup;
			children = (
				D9703B73205D149A004C9C3E /* WMGService.swift */,
			);
			path = APIService;
			sourceTree = "<group>";
		};
		D99A9A142085AA030073D301 /* Fonts */ = {
			isa = PBXGroup;
			children = (
				D99A9A172085AA150073D301 /* Bold.ttf */,
				D99A9A182085AA150073D301 /* FontAwesome.ttf */,
				D99A9A162085AA150073D301 /* icon.ttf */,
				D99A9A1A2085AA150073D301 /* Light.ttf */,
				D99A9A152085AA150073D301 /* Regular.ttf */,
				D99A9A192085AA150073D301 /* SemiBold.ttf */,
			);
			path = Fonts;
			sourceTree = "<group>";
		};
		D9B478E320877182002D9B5D /* ProfileSectionViews */ = {
			isa = PBXGroup;
			children = (
				D94364B2208464F80023507E /* PortfolioScroller.swift */,
				D99A9A212085B0BA0073D301 /* ProfileHeader.swift */,
				D9B478E120876ED1002D9B5D /* AboutVendor.swift */,
				D9B478E82088B498002D9B5D /* BestPrice.swift */,
				D918A180208F0E03001A2A85 /* VendorPricing.swift */,
			);
			path = ProfileSectionViews;
			sourceTree = "<group>";
		};
		D9CD9F65205D2DB900B287ED /* GenieViewModel */ = {
			isa = PBXGroup;
			children = (
				D9CD9F66205D2DE000B287ED /* GenieViewModel.swift */,
			);
			path = GenieViewModel;
			sourceTree = "<group>";
		};
		D9F021D1205FA0C90092250D /* Views */ = {
			isa = PBXGroup;
			children = (
				D9F021D2205FA1240092250D /* SelectionCell.swift */,
				D9B478E4208771B7002D9B5D /* AboutVendorCell.swift */,
			);
			path = Views;
			sourceTree = "<group>";
		};
		D9F021D4205FA1FD0092250D /* FieldFactory */ = {
			isa = PBXGroup;
			children = (
				D9F021D5205FA2210092250D /* FormField.swift */,
			);
			path = FieldFactory;
			sourceTree = "<group>";
		};
		D9F021E1205FB7CA0092250D /* Helper */ = {
			isa = PBXGroup;
			children = (
				D9F021E2205FB7F10092250D /* UIColorExtensions.swift */,
			);
			path = Helper;
			sourceTree = "<group>";
		};
/* End PBXGroup section */

/* Begin PBXNativeTarget section */
		D9703B3A205CDB42004C9C3E /* GenieForm */ = {
			isa = PBXNativeTarget;
			buildConfigurationList = D9703B63205CDB42004C9C3E /* Build configuration list for PBXNativeTarget "GenieForm" */;
			buildPhases = (
				F33BD47694F4E87D83DF4FE3 /* [CP] Check Pods Manifest.lock */,
				D9703B37205CDB42004C9C3E /* Sources */,
				D9703B38205CDB42004C9C3E /* Frameworks */,
				D9703B39205CDB42004C9C3E /* Resources */,
				135AEDD810E9514896FD583F /* [CP] Embed Pods Frameworks */,
				EB2261CF1B20FE53E2A6A05C /* [CP] Copy Pods Resources */,
			);
			buildRules = (
			);
			dependencies = (
			);
			name = GenieForm;
			productName = GenieForm;
			productReference = D9703B3B205CDB42004C9C3E /* GenieForm.app */;
			productType = "com.apple.product-type.application";
		};
		D9703B4E205CDB42004C9C3E /* GenieFormTests */ = {
			isa = PBXNativeTarget;
			buildConfigurationList = D9703B66205CDB42004C9C3E /* Build configuration list for PBXNativeTarget "GenieFormTests" */;
			buildPhases = (
				51F9F80671910ADD88629EEF /* [CP] Check Pods Manifest.lock */,
				D9703B4B205CDB42004C9C3E /* Sources */,
				D9703B4C205CDB42004C9C3E /* Frameworks */,
				D9703B4D205CDB42004C9C3E /* Resources */,
				082EF94B7181DC45104F1380 /* [CP] Embed Pods Frameworks */,
				8838A5B42CB6740BD97B110B /* [CP] Copy Pods Resources */,
			);
			buildRules = (
			);
			dependencies = (
				D9703B51205CDB42004C9C3E /* PBXTargetDependency */,
			);
			name = GenieFormTests;
			productName = GenieFormTests;
			productReference = D9703B4F205CDB42004C9C3E /* GenieFormTests.xctest */;
			productType = "com.apple.product-type.bundle.unit-test";
		};
		D9703B59205CDB42004C9C3E /* GenieFormUITests */ = {
			isa = PBXNativeTarget;
			buildConfigurationList = D9703B69205CDB42004C9C3E /* Build configuration list for PBXNativeTarget "GenieFormUITests" */;
			buildPhases = (
				A7BC860915ACF5BE2C70316A /* [CP] Check Pods Manifest.lock */,
				D9703B56205CDB42004C9C3E /* Sources */,
				D9703B57205CDB42004C9C3E /* Frameworks */,
				D9703B58205CDB42004C9C3E /* Resources */,
				65010D9ED4C3BDEE4F642ECC /* [CP] Embed Pods Frameworks */,
				488B480100CC6D69F7E30497 /* [CP] Copy Pods Resources */,
			);
			buildRules = (
			);
			dependencies = (
				D9703B5C205CDB42004C9C3E /* PBXTargetDependency */,
			);
			name = GenieFormUITests;
			productName = GenieFormUITests;
			productReference = D9703B5A205CDB42004C9C3E /* GenieFormUITests.xctest */;
			productType = "com.apple.product-type.bundle.ui-testing";
		};
/* End PBXNativeTarget section */

/* Begin PBXProject section */
		D9703B33205CDB42004C9C3E /* Project object */ = {
			isa = PBXProject;
			attributes = {
				LastSwiftUpdateCheck = 0920;
				LastUpgradeCheck = 0920;
				ORGANIZATIONNAME = "Swati Wadhera";
				TargetAttributes = {
					D9703B3A205CDB42004C9C3E = {
						CreatedOnToolsVersion = 9.2;
						ProvisioningStyle = Automatic;
					};
					D9703B4E205CDB42004C9C3E = {
						CreatedOnToolsVersion = 9.2;
						ProvisioningStyle = Automatic;
						TestTargetID = D9703B3A205CDB42004C9C3E;
					};
					D9703B59205CDB42004C9C3E = {
						CreatedOnToolsVersion = 9.2;
						ProvisioningStyle = Automatic;
						TestTargetID = D9703B3A205CDB42004C9C3E;
					};
				};
			};
			buildConfigurationList = D9703B36205CDB42004C9C3E /* Build configuration list for PBXProject "GenieForm" */;
			compatibilityVersion = "Xcode 8.0";
			developmentRegion = en;
			hasScannedForEncodings = 0;
			knownRegions = (
				en,
				Base,
			);
			mainGroup = D9703B32205CDB42004C9C3E;
			productRefGroup = D9703B3C205CDB42004C9C3E /* Products */;
			projectDirPath = "";
			projectRoot = "";
			targets = (
				D9703B3A205CDB42004C9C3E /* GenieForm */,
				D9703B4E205CDB42004C9C3E /* GenieFormTests */,
				D9703B59205CDB42004C9C3E /* GenieFormUITests */,
			);
		};
/* End PBXProject section */

/* Begin PBXResourcesBuildPhase section */
		D9703B39205CDB42004C9C3E /* Resources */ = {
			isa = PBXResourcesBuildPhase;
			buildActionMask = 2147483647;
			files = (
				D99A9A1B2085AA150073D301 /* Regular.ttf in Resources */,
				D99A9A1D2085AA150073D301 /* Bold.ttf in Resources */,
				D99A9A1F2085AA150073D301 /* SemiBold.ttf in Resources */,
				D99A9A1C2085AA150073D301 /* icon.ttf in Resources */,
				D9703B49205CDB42004C9C3E /* LaunchScreen.storyboard in Resources */,
				D99A9A202085AA150073D301 /* Light.ttf in Resources */,
				D9703B46205CDB42004C9C3E /* Assets.xcassets in Resources */,
				D99A9A1E2085AA150073D301 /* FontAwesome.ttf in Resources */,
			);
			runOnlyForDeploymentPostprocessing = 0;
		};
		D9703B4D205CDB42004C9C3E /* Resources */ = {
			isa = PBXResourcesBuildPhase;
			buildActionMask = 2147483647;
			files = (
			);
			runOnlyForDeploymentPostprocessing = 0;
		};
		D9703B58205CDB42004C9C3E /* Resources */ = {
			isa = PBXResourcesBuildPhase;
			buildActionMask = 2147483647;
			files = (
			);
			runOnlyForDeploymentPostprocessing = 0;
		};
/* End PBXResourcesBuildPhase section */

/* Begin PBXShellScriptBuildPhase section */
		082EF94B7181DC45104F1380 /* [CP] Embed Pods Frameworks */ = {
			isa = PBXShellScriptBuildPhase;
			buildActionMask = 2147483647;
			files = (
			);
			inputPaths = (
			);
			name = "[CP] Embed Pods Frameworks";
			outputPaths = (
			);
			runOnlyForDeploymentPostprocessing = 0;
			shellPath = /bin/sh;
			shellScript = "\"${SRCROOT}/Pods/Target Support Files/Pods-GenieFormTests/Pods-GenieFormTests-frameworks.sh\"\n";
			showEnvVarsInLog = 0;
		};
		135AEDD810E9514896FD583F /* [CP] Embed Pods Frameworks */ = {
			isa = PBXShellScriptBuildPhase;
			buildActionMask = 2147483647;
			files = (
			);
			inputPaths = (
				"${SRCROOT}/Pods/Target Support Files/Pods-GenieForm/Pods-GenieForm-frameworks.sh",
				"${BUILT_PRODUCTS_DIR}/Alamofire/Alamofire.framework",
				"${BUILT_PRODUCTS_DIR}/AlamofireImage/AlamofireImage.framework",
				"${BUILT_PRODUCTS_DIR}/FontAwesome.swift/FontAwesome_swift.framework",
				"${BUILT_PRODUCTS_DIR}/M13Checkbox/M13Checkbox.framework",
				"${BUILT_PRODUCTS_DIR}/TTTAttributedLabel/TTTAttributedLabel.framework",
			);
			name = "[CP] Embed Pods Frameworks";
			outputPaths = (
				"${TARGET_BUILD_DIR}/${FRAMEWORKS_FOLDER_PATH}/Alamofire.framework",
				"${TARGET_BUILD_DIR}/${FRAMEWORKS_FOLDER_PATH}/AlamofireImage.framework",
				"${TARGET_BUILD_DIR}/${FRAMEWORKS_FOLDER_PATH}/FontAwesome_swift.framework",
				"${TARGET_BUILD_DIR}/${FRAMEWORKS_FOLDER_PATH}/M13Checkbox.framework",
				"${TARGET_BUILD_DIR}/${FRAMEWORKS_FOLDER_PATH}/TTTAttributedLabel.framework",
			);
			runOnlyForDeploymentPostprocessing = 0;
			shellPath = /bin/sh;
			shellScript = "\"${SRCROOT}/Pods/Target Support Files/Pods-GenieForm/Pods-GenieForm-frameworks.sh\"\n";
			showEnvVarsInLog = 0;
		};
		488B480100CC6D69F7E30497 /* [CP] Copy Pods Resources */ = {
			isa = PBXShellScriptBuildPhase;
			buildActionMask = 2147483647;
			files = (
			);
			inputPaths = (
			);
			name = "[CP] Copy Pods Resources";
			outputPaths = (
			);
			runOnlyForDeploymentPostprocessing = 0;
			shellPath = /bin/sh;
			shellScript = "\"${SRCROOT}/Pods/Target Support Files/Pods-GenieFormUITests/Pods-GenieFormUITests-resources.sh\"\n";
			showEnvVarsInLog = 0;
		};
		51F9F80671910ADD88629EEF /* [CP] Check Pods Manifest.lock */ = {
			isa = PBXShellScriptBuildPhase;
			buildActionMask = 2147483647;
			files = (
			);
			inputPaths = (
				"${PODS_PODFILE_DIR_PATH}/Podfile.lock",
				"${PODS_ROOT}/Manifest.lock",
			);
			name = "[CP] Check Pods Manifest.lock";
			outputPaths = (
				"$(DERIVED_FILE_DIR)/Pods-GenieFormTests-checkManifestLockResult.txt",
			);
			runOnlyForDeploymentPostprocessing = 0;
			shellPath = /bin/sh;
			shellScript = "diff \"${PODS_PODFILE_DIR_PATH}/Podfile.lock\" \"${PODS_ROOT}/Manifest.lock\" > /dev/null\nif [ $? != 0 ] ; then\n    # print error to STDERR\n    echo \"error: The sandbox is not in sync with the Podfile.lock. Run 'pod install' or update your CocoaPods installation.\" >&2\n    exit 1\nfi\n# This output is used by Xcode 'outputs' to avoid re-running this script phase.\necho \"SUCCESS\" > \"${SCRIPT_OUTPUT_FILE_0}\"\n";
			showEnvVarsInLog = 0;
		};
		65010D9ED4C3BDEE4F642ECC /* [CP] Embed Pods Frameworks */ = {
			isa = PBXShellScriptBuildPhase;
			buildActionMask = 2147483647;
			files = (
			);
			inputPaths = (
			);
			name = "[CP] Embed Pods Frameworks";
			outputPaths = (
			);
			runOnlyForDeploymentPostprocessing = 0;
			shellPath = /bin/sh;
			shellScript = "\"${SRCROOT}/Pods/Target Support Files/Pods-GenieFormUITests/Pods-GenieFormUITests-frameworks.sh\"\n";
			showEnvVarsInLog = 0;
		};
		8838A5B42CB6740BD97B110B /* [CP] Copy Pods Resources */ = {
			isa = PBXShellScriptBuildPhase;
			buildActionMask = 2147483647;
			files = (
			);
			inputPaths = (
			);
			name = "[CP] Copy Pods Resources";
			outputPaths = (
			);
			runOnlyForDeploymentPostprocessing = 0;
			shellPath = /bin/sh;
			shellScript = "\"${SRCROOT}/Pods/Target Support Files/Pods-GenieFormTests/Pods-GenieFormTests-resources.sh\"\n";
			showEnvVarsInLog = 0;
		};
		A7BC860915ACF5BE2C70316A /* [CP] Check Pods Manifest.lock */ = {
			isa = PBXShellScriptBuildPhase;
			buildActionMask = 2147483647;
			files = (
			);
			inputPaths = (
				"${PODS_PODFILE_DIR_PATH}/Podfile.lock",
				"${PODS_ROOT}/Manifest.lock",
			);
			name = "[CP] Check Pods Manifest.lock";
			outputPaths = (
				"$(DERIVED_FILE_DIR)/Pods-GenieFormUITests-checkManifestLockResult.txt",
			);
			runOnlyForDeploymentPostprocessing = 0;
			shellPath = /bin/sh;
			shellScript = "diff \"${PODS_PODFILE_DIR_PATH}/Podfile.lock\" \"${PODS_ROOT}/Manifest.lock\" > /dev/null\nif [ $? != 0 ] ; then\n    # print error to STDERR\n    echo \"error: The sandbox is not in sync with the Podfile.lock. Run 'pod install' or update your CocoaPods installation.\" >&2\n    exit 1\nfi\n# This output is used by Xcode 'outputs' to avoid re-running this script phase.\necho \"SUCCESS\" > \"${SCRIPT_OUTPUT_FILE_0}\"\n";
			showEnvVarsInLog = 0;
		};
		EB2261CF1B20FE53E2A6A05C /* [CP] Copy Pods Resources */ = {
			isa = PBXShellScriptBuildPhase;
			buildActionMask = 2147483647;
			files = (
			);
			inputPaths = (
			);
			name = "[CP] Copy Pods Resources";
			outputPaths = (
			);
			runOnlyForDeploymentPostprocessing = 0;
			shellPath = /bin/sh;
			shellScript = "\"${SRCROOT}/Pods/Target Support Files/Pods-GenieForm/Pods-GenieForm-resources.sh\"\n";
			showEnvVarsInLog = 0;
		};
		F33BD47694F4E87D83DF4FE3 /* [CP] Check Pods Manifest.lock */ = {
			isa = PBXShellScriptBuildPhase;
			buildActionMask = 2147483647;
			files = (
			);
			inputPaths = (
				"${PODS_PODFILE_DIR_PATH}/Podfile.lock",
				"${PODS_ROOT}/Manifest.lock",
			);
			name = "[CP] Check Pods Manifest.lock";
			outputPaths = (
				"$(DERIVED_FILE_DIR)/Pods-GenieForm-checkManifestLockResult.txt",
			);
			runOnlyForDeploymentPostprocessing = 0;
			shellPath = /bin/sh;
			shellScript = "diff \"${PODS_PODFILE_DIR_PATH}/Podfile.lock\" \"${PODS_ROOT}/Manifest.lock\" > /dev/null\nif [ $? != 0 ] ; then\n    # print error to STDERR\n    echo \"error: The sandbox is not in sync with the Podfile.lock. Run 'pod install' or update your CocoaPods installation.\" >&2\n    exit 1\nfi\n# This output is used by Xcode 'outputs' to avoid re-running this script phase.\necho \"SUCCESS\" > \"${SCRIPT_OUTPUT_FILE_0}\"\n";
			showEnvVarsInLog = 0;
		};
/* End PBXShellScriptBuildPhase section */

/* Begin PBXSourcesBuildPhase section */
		D9703B37205CDB42004C9C3E /* Sources */ = {
			isa = PBXSourcesBuildPhase;
			buildActionMask = 2147483647;
			files = (
				D9B478E92088B498002D9B5D /* BestPrice.swift in Sources */,
				D9703B41205CDB42004C9C3E /* GenieFormController.swift in Sources */,
				D9703B71205D05C9004C9C3E /* WMGForm.swift in Sources */,
				D9F021E3205FB7F10092250D /* UIColorExtensions.swift in Sources */,
				D918A181208F0E03001A2A85 /* VendorPricing.swift in Sources */,
				D9E4EBD7208477D7002D59B1 /* WMGInfinity.swift in Sources */,
				D9703B3F205CDB42004C9C3E /* AppDelegate.swift in Sources */,
				D9F021D6205FA2210092250D /* FormField.swift in Sources */,
				D9B478EB2089AAD8002D9B5D /* MessageVendorController.swift in Sources */,
				D9F021D3205FA1240092250D /* SelectionCell.swift in Sources */,
				D9B478E5208771B7002D9B5D /* AboutVendorCell.swift in Sources */,
				D94364B7208467680023507E /* ProfileViewModel.swift in Sources */,
				D99A9A222085B0BA0073D301 /* ProfileHeader.swift in Sources */,
				D99A9A242085DAC40073D301 /* ReviewInfo.swift in Sources */,
				D9703B74205D149A004C9C3E /* WMGService.swift in Sources */,
				D94364B1208464180023507E /* ProfileController.swift in Sources */,
				D9F021E5205FB8BA0092250D /* AppConstants.swift in Sources */,
				D9E4EBD52084736B002D59B1 /* VendorProfile.swift in Sources */,
				D9CD9F67205D2DE000B287ED /* GenieViewModel.swift in Sources */,
				D97AB077208DF133002C24EA /* MessageVenueController.swift in Sources */,
				D94364B3208464F80023507E /* PortfolioScroller.swift in Sources */,
				D9B478E220876ED1002D9B5D /* AboutVendor.swift in Sources */,
			);
			runOnlyForDeploymentPostprocessing = 0;
		};
		D9703B4B205CDB42004C9C3E /* Sources */ = {
			isa = PBXSourcesBuildPhase;
			buildActionMask = 2147483647;
			files = (
				D9703B54205CDB42004C9C3E /* GenieFormTests.swift in Sources */,
			);
			runOnlyForDeploymentPostprocessing = 0;
		};
		D9703B56205CDB42004C9C3E /* Sources */ = {
			isa = PBXSourcesBuildPhase;
			buildActionMask = 2147483647;
			files = (
				D9703B5F205CDB42004C9C3E /* GenieFormUITests.swift in Sources */,
			);
			runOnlyForDeploymentPostprocessing = 0;
		};
/* End PBXSourcesBuildPhase section */

/* Begin PBXTargetDependency section */
		D9703B51205CDB42004C9C3E /* PBXTargetDependency */ = {
			isa = PBXTargetDependency;
			target = D9703B3A205CDB42004C9C3E /* GenieForm */;
			targetProxy = D9703B50205CDB42004C9C3E /* PBXContainerItemProxy */;
		};
		D9703B5C205CDB42004C9C3E /* PBXTargetDependency */ = {
			isa = PBXTargetDependency;
			target = D9703B3A205CDB42004C9C3E /* GenieForm */;
			targetProxy = D9703B5B205CDB42004C9C3E /* PBXContainerItemProxy */;
		};
/* End PBXTargetDependency section */

/* Begin PBXVariantGroup section */
		D9703B47205CDB42004C9C3E /* LaunchScreen.storyboard */ = {
			isa = PBXVariantGroup;
			children = (
				D9703B48205CDB42004C9C3E /* Base */,
			);
			name = LaunchScreen.storyboard;
			sourceTree = "<group>";
		};
/* End PBXVariantGroup section */

/* Begin XCBuildConfiguration section */
		D9703B61205CDB42004C9C3E /* Debug */ = {
			isa = XCBuildConfiguration;
			buildSettings = {
				ALWAYS_SEARCH_USER_PATHS = NO;
				CLANG_ANALYZER_NONNULL = YES;
				CLANG_ANALYZER_NUMBER_OBJECT_CONVERSION = YES_AGGRESSIVE;
				CLANG_CXX_LANGUAGE_STANDARD = "gnu++14";
				CLANG_CXX_LIBRARY = "libc++";
				CLANG_ENABLE_MODULES = YES;
				CLANG_ENABLE_OBJC_ARC = YES;
				CLANG_WARN_BLOCK_CAPTURE_AUTORELEASING = YES;
				CLANG_WARN_BOOL_CONVERSION = YES;
				CLANG_WARN_COMMA = YES;
				CLANG_WARN_CONSTANT_CONVERSION = YES;
				CLANG_WARN_DIRECT_OBJC_ISA_USAGE = YES_ERROR;
				CLANG_WARN_DOCUMENTATION_COMMENTS = YES;
				CLANG_WARN_EMPTY_BODY = YES;
				CLANG_WARN_ENUM_CONVERSION = YES;
				CLANG_WARN_INFINITE_RECURSION = YES;
				CLANG_WARN_INT_CONVERSION = YES;
				CLANG_WARN_NON_LITERAL_NULL_CONVERSION = YES;
				CLANG_WARN_OBJC_LITERAL_CONVERSION = YES;
				CLANG_WARN_OBJC_ROOT_CLASS = YES_ERROR;
				CLANG_WARN_RANGE_LOOP_ANALYSIS = YES;
				CLANG_WARN_STRICT_PROTOTYPES = YES;
				CLANG_WARN_SUSPICIOUS_MOVE = YES;
				CLANG_WARN_UNGUARDED_AVAILABILITY = YES_AGGRESSIVE;
				CLANG_WARN_UNREACHABLE_CODE = YES;
				CLANG_WARN__DUPLICATE_METHOD_MATCH = YES;
				CODE_SIGN_IDENTITY = "iPhone Developer";
				COPY_PHASE_STRIP = NO;
				DEBUG_INFORMATION_FORMAT = dwarf;
				ENABLE_STRICT_OBJC_MSGSEND = YES;
				ENABLE_TESTABILITY = YES;
				GCC_C_LANGUAGE_STANDARD = gnu11;
				GCC_DYNAMIC_NO_PIC = NO;
				GCC_NO_COMMON_BLOCKS = YES;
				GCC_OPTIMIZATION_LEVEL = 0;
				GCC_PREPROCESSOR_DEFINITIONS = (
					"DEBUG=1",
					"$(inherited)",
				);
				GCC_WARN_64_TO_32_BIT_CONVERSION = YES;
				GCC_WARN_ABOUT_RETURN_TYPE = YES_ERROR;
				GCC_WARN_UNDECLARED_SELECTOR = YES;
				GCC_WARN_UNINITIALIZED_AUTOS = YES_AGGRESSIVE;
				GCC_WARN_UNUSED_FUNCTION = YES;
				GCC_WARN_UNUSED_VARIABLE = YES;
				IPHONEOS_DEPLOYMENT_TARGET = 11.2;
				MTL_ENABLE_DEBUG_INFO = YES;
				ONLY_ACTIVE_ARCH = YES;
				SDKROOT = iphoneos;
				SWIFT_ACTIVE_COMPILATION_CONDITIONS = DEBUG;
				SWIFT_OPTIMIZATION_LEVEL = "-Onone";
			};
			name = Debug;
		};
		D9703B62205CDB42004C9C3E /* Release */ = {
			isa = XCBuildConfiguration;
			buildSettings = {
				ALWAYS_SEARCH_USER_PATHS = NO;
				CLANG_ANALYZER_NONNULL = YES;
				CLANG_ANALYZER_NUMBER_OBJECT_CONVERSION = YES_AGGRESSIVE;
				CLANG_CXX_LANGUAGE_STANDARD = "gnu++14";
				CLANG_CXX_LIBRARY = "libc++";
				CLANG_ENABLE_MODULES = YES;
				CLANG_ENABLE_OBJC_ARC = YES;
				CLANG_WARN_BLOCK_CAPTURE_AUTORELEASING = YES;
				CLANG_WARN_BOOL_CONVERSION = YES;
				CLANG_WARN_COMMA = YES;
				CLANG_WARN_CONSTANT_CONVERSION = YES;
				CLANG_WARN_DIRECT_OBJC_ISA_USAGE = YES_ERROR;
				CLANG_WARN_DOCUMENTATION_COMMENTS = YES;
				CLANG_WARN_EMPTY_BODY = YES;
				CLANG_WARN_ENUM_CONVERSION = YES;
				CLANG_WARN_INFINITE_RECURSION = YES;
				CLANG_WARN_INT_CONVERSION = YES;
				CLANG_WARN_NON_LITERAL_NULL_CONVERSION = YES;
				CLANG_WARN_OBJC_LITERAL_CONVERSION = YES;
				CLANG_WARN_OBJC_ROOT_CLASS = YES_ERROR;
				CLANG_WARN_RANGE_LOOP_ANALYSIS = YES;
				CLANG_WARN_STRICT_PROTOTYPES = YES;
				CLANG_WARN_SUSPICIOUS_MOVE = YES;
				CLANG_WARN_UNGUARDED_AVAILABILITY = YES_AGGRESSIVE;
				CLANG_WARN_UNREACHABLE_CODE = YES;
				CLANG_WARN__DUPLICATE_METHOD_MATCH = YES;
				CODE_SIGN_IDENTITY = "iPhone Developer";
				COPY_PHASE_STRIP = NO;
				DEBUG_INFORMATION_FORMAT = "dwarf-with-dsym";
				ENABLE_NS_ASSERTIONS = NO;
				ENABLE_STRICT_OBJC_MSGSEND = YES;
				GCC_C_LANGUAGE_STANDARD = gnu11;
				GCC_NO_COMMON_BLOCKS = YES;
				GCC_WARN_64_TO_32_BIT_CONVERSION = YES;
				GCC_WARN_ABOUT_RETURN_TYPE = YES_ERROR;
				GCC_WARN_UNDECLARED_SELECTOR = YES;
				GCC_WARN_UNINITIALIZED_AUTOS = YES_AGGRESSIVE;
				GCC_WARN_UNUSED_FUNCTION = YES;
				GCC_WARN_UNUSED_VARIABLE = YES;
				IPHONEOS_DEPLOYMENT_TARGET = 11.2;
				MTL_ENABLE_DEBUG_INFO = NO;
				SDKROOT = iphoneos;
				SWIFT_OPTIMIZATION_LEVEL = "-Owholemodule";
				VALIDATE_PRODUCT = YES;
			};
			name = Release;
		};
		D9703B64205CDB42004C9C3E /* Debug */ = {
			isa = XCBuildConfiguration;
			baseConfigurationReference = 2ED576D94C0BA05A02F54E74 /* Pods-GenieForm.debug.xcconfig */;
			buildSettings = {
				ASSETCATALOG_COMPILER_APPICON_NAME = AppIcon;
				BASE_URL = "https://admin.wedmegood.com/api/";
				CODE_SIGN_STYLE = Automatic;
				DEVELOPMENT_TEAM = R3N9B3ER78;
				INFOPLIST_FILE = GenieForm/Info.plist;
				IPHONEOS_DEPLOYMENT_TARGET = 10.0;
				LD_RUNPATH_SEARCH_PATHS = "$(inherited) @executable_path/Frameworks";
				PRODUCT_BUNDLE_IDENTIFIER = com.WedMeGood.testApp;
				PRODUCT_NAME = "$(TARGET_NAME)";
				SWIFT_VERSION = 4.0;
				TARGETED_DEVICE_FAMILY = 1;
			};
			name = Debug;
		};
		D9703B65205CDB42004C9C3E /* Release */ = {
			isa = XCBuildConfiguration;
			baseConfigurationReference = A8E3C7DB6BEDFCD31A3F22A8 /* Pods-GenieForm.release.xcconfig */;
			buildSettings = {
				ASSETCATALOG_COMPILER_APPICON_NAME = AppIcon;
				BASE_URL = "https://admin.wedmegood.com/api/";
				CODE_SIGN_STYLE = Automatic;
				DEVELOPMENT_TEAM = R3N9B3ER78;
				INFOPLIST_FILE = GenieForm/Info.plist;
				IPHONEOS_DEPLOYMENT_TARGET = 10.0;
				LD_RUNPATH_SEARCH_PATHS = "$(inherited) @executable_path/Frameworks";
				PRODUCT_BUNDLE_IDENTIFIER = com.WedMeGood.testApp;
				PRODUCT_NAME = "$(TARGET_NAME)";
				SWIFT_VERSION = 4.0;
				TARGETED_DEVICE_FAMILY = 1;
			};
			name = Release;
		};
		D9703B67205CDB42004C9C3E /* Debug */ = {
			isa = XCBuildConfiguration;
			baseConfigurationReference = 1DA6C49F7AC04E773DCF7B09 /* Pods-GenieFormTests.debug.xcconfig */;
			buildSettings = {
				ALWAYS_EMBED_SWIFT_STANDARD_LIBRARIES = YES;
				BUNDLE_LOADER = "$(TEST_HOST)";
				CODE_SIGN_STYLE = Automatic;
				DEVELOPMENT_TEAM = R3N9B3ER78;
				INFOPLIST_FILE = GenieFormTests/Info.plist;
				LD_RUNPATH_SEARCH_PATHS = "$(inherited) @executable_path/Frameworks @loader_path/Frameworks";
				PRODUCT_BUNDLE_IDENTIFIER = com.WedMeGood.GenieFormTests;
				PRODUCT_NAME = "$(TARGET_NAME)";
				SWIFT_VERSION = 4.0;
				TARGETED_DEVICE_FAMILY = "1,2";
				TEST_HOST = "$(BUILT_PRODUCTS_DIR)/GenieForm.app/GenieForm";
			};
			name = Debug;
		};
		D9703B68205CDB42004C9C3E /* Release */ = {
			isa = XCBuildConfiguration;
			baseConfigurationReference = 334B41B5030CF8F8E2C46B41 /* Pods-GenieFormTests.release.xcconfig */;
			buildSettings = {
				ALWAYS_EMBED_SWIFT_STANDARD_LIBRARIES = YES;
				BUNDLE_LOADER = "$(TEST_HOST)";
				CODE_SIGN_STYLE = Automatic;
				DEVELOPMENT_TEAM = R3N9B3ER78;
				INFOPLIST_FILE = GenieFormTests/Info.plist;
				LD_RUNPATH_SEARCH_PATHS = "$(inherited) @executable_path/Frameworks @loader_path/Frameworks";
				PRODUCT_BUNDLE_IDENTIFIER = com.WedMeGood.GenieFormTests;
				PRODUCT_NAME = "$(TARGET_NAME)";
				SWIFT_VERSION = 4.0;
				TARGETED_DEVICE_FAMILY = "1,2";
				TEST_HOST = "$(BUILT_PRODUCTS_DIR)/GenieForm.app/GenieForm";
			};
			name = Release;
		};
		D9703B6A205CDB42004C9C3E /* Debug */ = {
			isa = XCBuildConfiguration;
			baseConfigurationReference = 6C279EF96429BAF153E73E5E /* Pods-GenieFormUITests.debug.xcconfig */;
			buildSettings = {
				ALWAYS_EMBED_SWIFT_STANDARD_LIBRARIES = YES;
				CODE_SIGN_STYLE = Automatic;
				DEVELOPMENT_TEAM = R3N9B3ER78;
				INFOPLIST_FILE = GenieFormUITests/Info.plist;
				LD_RUNPATH_SEARCH_PATHS = "$(inherited) @executable_path/Frameworks @loader_path/Frameworks";
				PRODUCT_BUNDLE_IDENTIFIER = com.WedMeGood.GenieFormUITests;
				PRODUCT_NAME = "$(TARGET_NAME)";
				SWIFT_VERSION = 4.0;
				TARGETED_DEVICE_FAMILY = "1,2";
				TEST_TARGET_NAME = GenieForm;
			};
			name = Debug;
		};
		D9703B6B205CDB42004C9C3E /* Release */ = {
			isa = XCBuildConfiguration;
			baseConfigurationReference = C167B39802C55FF494C9C966 /* Pods-GenieFormUITests.release.xcconfig */;
			buildSettings = {
				ALWAYS_EMBED_SWIFT_STANDARD_LIBRARIES = YES;
				CODE_SIGN_STYLE = Automatic;
				DEVELOPMENT_TEAM = R3N9B3ER78;
				INFOPLIST_FILE = GenieFormUITests/Info.plist;
				LD_RUNPATH_SEARCH_PATHS = "$(inherited) @executable_path/Frameworks @loader_path/Frameworks";
				PRODUCT_BUNDLE_IDENTIFIER = com.WedMeGood.GenieFormUITests;
				PRODUCT_NAME = "$(TARGET_NAME)";
				SWIFT_VERSION = 4.0;
				TARGETED_DEVICE_FAMILY = "1,2";
				TEST_TARGET_NAME = GenieForm;
			};
			name = Release;
		};
/* End XCBuildConfiguration section */

/* Begin XCConfigurationList section */
		D9703B36205CDB42004C9C3E /* Build configuration list for PBXProject "GenieForm" */ = {
			isa = XCConfigurationList;
			buildConfigurations = (
				D9703B61205CDB42004C9C3E /* Debug */,
				D9703B62205CDB42004C9C3E /* Release */,
			);
			defaultConfigurationIsVisible = 0;
			defaultConfigurationName = Release;
		};
		D9703B63205CDB42004C9C3E /* Build configuration list for PBXNativeTarget "GenieForm" */ = {
			isa = XCConfigurationList;
			buildConfigurations = (
				D9703B64205CDB42004C9C3E /* Debug */,
				D9703B65205CDB42004C9C3E /* Release */,
			);
			defaultConfigurationIsVisible = 0;
			defaultConfigurationName = Release;
		};
		D9703B66205CDB42004C9C3E /* Build configuration list for PBXNativeTarget "GenieFormTests" */ = {
			isa = XCConfigurationList;
			buildConfigurations = (
				D9703B67205CDB42004C9C3E /* Debug */,
				D9703B68205CDB42004C9C3E /* Release */,
			);
			defaultConfigurationIsVisible = 0;
			defaultConfigurationName = Release;
		};
		D9703B69205CDB42004C9C3E /* Build configuration list for PBXNativeTarget "GenieFormUITests" */ = {
			isa = XCConfigurationList;
			buildConfigurations = (
				D9703B6A205CDB42004C9C3E /* Debug */,
				D9703B6B205CDB42004C9C3E /* Release */,
			);
			defaultConfigurationIsVisible = 0;
			defaultConfigurationName = Release;
		};
/* End XCConfigurationList section */
	};
	rootObject = D9703B33205CDB42004C9C3E /* Project object */;
}
